{
  "originHash" : "4a47a73e3ef382661b75e9c29414229c69b2196d0238670699f788424a374498",
  "pins" : [
    {
      "identity" : "anylanguagemodel",
      "kind" : "remoteSourceControl",
      "location" : "https://github.com/mattt/AnyLanguageModel",
      "state" : {
        "branch" : "main",
        "revision" : "7b311b18a209fabf593ad9006ca09bef2fc4de1a"
      }
    },
    {
      "identity" : "eventsource",
      "kind" : "remoteSourceControl",
      "location" : "https://github.com/mattt/EventSource",
      "state" : {
        "revision" : "bd64824505da71a1a403adb221f6e25413c0bc7f",
        "version" : "1.4.0"
      }
    },
    {
      "identity" : "jsonschema",
      "kind" : "remoteSourceControl",
      "location" : "https://github.com/mattt/JSONSchema",
      "state" : {
        "revision" : "4c6f2467d5bc72b062c7a9b7e4cd77a09635ea8b",
        "version" : "1.3.1"
      }
    },
    {
      "identity" : "lrucache",
      "kind" : "remoteSourceControl",
      "location" : "https://github.com/nicklockwood/LRUCache.git",
      "state" : {
        "revision" : "cb5b2bd0da83ad29c0bec762d39f41c8ad0eaf3e",
        "version" : "1.2.1"
      }
    },
    {
      "identity" : "partialjsondecoder",
      "kind" : "remoteSourceControl",
      "location" : "https://github.com/mattt/PartialJSONDecoder",
      "state" : {
        "revision" : "e4d389e6bcc6771bb988d1a8a17695d8bfa97172",
        "version" : "1.0.0"
      }
    },
    {
      "identity" : "swift-atomics",
      "kind" : "remoteSourceControl",
      "location" : "https://github.com/apple/swift-atomics.git",
      "state" : {
        "revision" : "b601256eab081c0f92f059e12818ac1d4f178ff7",
        "version" : "1.3.0"
      }
    },
    {
      "identity" : "swift-collections",
      "kind" : "remoteSourceControl",
      "location" : "https://github.com/apple/swift-collections.git",
      "state" : {
        "revision" : "7b847a3b7008b2dc2f47ca3110d8c782fb2e5c7e",
        "version" : "1.3.0"
      }
    },
    {
      "identity" : "swift-syntax",
      "kind" : "remoteSourceControl",
      "location" : "https://github.com/swiftlang/swift-syntax",
      "state" : {
        "revision" : "0687f71944021d616d34d922343dcef086855920",
        "version" : "600.0.1"
      }
    },
    {
      "identity" : "swift-testing",
      "kind" : "remoteSourceControl",
      "location" : "https://github.com/swiftlang/swift-testing",
      "state" : {
        "revision" : "399f76dcd91e4c688ca2301fa24a8cc6d9927211",
        "version" : "0.99.0"
      }
    },
    {
      "identity" : "swiftpdf",
      "kind" : "remoteSourceControl",
      "location" : "https://github.com/euwars/SwiftPDF",
      "state" : {
        "revision" : "817d7f57f859ac5f71f709aab489342efd096819",
        "version" : "1.0.0"
      }
    },
    {
      "identity" : "swiftsoup",
      "kind" : "remoteSourceControl",
      "location" : "https://github.com/scinfu/SwiftSoup",
      "state" : {
        "revision" : "d86f244ed497d48012782e2f59c985a55e77b3f5",
        "version" : "2.11.3"
      }
    }
  ],
  "version" : 3
}
